{
  "name": "@pptxdiff/server",
  "version": "0.1.0",
  "lockfileVersion": 3,
  "requires": true,
  "packages": {
    "": {
      "name": "@pptxdiff/server",
      "version": "0.1.0",
      "license": "Apache-2.0",
      "dependencies": {
        "@pptxdiff/cli": "file:../pptxdiff-cli"
      },
      "bin": {
        "pptxdiff-server": "bin/pptxdiff-server.js"
      },
      "engines": {
        "node": ">=18"
      }
    },
    "../pptxdiff-cli": {
      "version": "0.1.0",
      "license": "Apache-2.0",
      "dependencies": {
        "playwright-core": "^1.48.0",
        "pptxdiff": "file:../../.."
      },
      "bin": {
        "pptxdiff-cli": "bin/pptxdiff-cli.js"
      },
      "engines": {
        "node": ">=18"
      }
    },
    "node_modules/@pptxdiff/cli": {
      "resolved": "../pptxdiff-cli",
      "link": true
    }
  }
}
